PODS:
  - Capacitor (1.0.0-alpha.34):
    - CapacitorCordova (= 1.0.0-alpha.34)
    - GCDWebServer (~> 3.0)
  - CapacitorCordova (1.0.0-alpha.34)
  - CordovaPlugins (1.0.0-alpha.34):
    - CapacitorCordova
  - CordovaPluginsResources (0.0.105)
  - GCDWebServer (3.4.2):
    - GCDWebServer/Core (= 3.4.2)
  - GCDWebServer/Core (3.4.2)

DEPENDENCIES:
  - Capacitor (from `../../node_modules/@capacitor/ios`)
  - CapacitorCordova (from `../../node_modules/@capacitor/ios`)
  - CordovaPlugins (from `../../node_modules/@capacitor/cli/assets/capacitor-cordova-ios-plugins`)
  - CordovaPluginsResources (from `../../node_modules/@capacitor/cli/assets/capacitor-cordova-ios-plugins`)

EXTERNAL SOURCES:
  Capacitor:
    :path: ../../node_modules/@capacitor/ios
  CapacitorCordova:
    :path: ../../node_modules/@capacitor/ios
  CordovaPlugins:
    :path: ../../node_modules/@capacitor/cli/assets/capacitor-cordova-ios-plugins
  CordovaPluginsResources:
    :path: ../../node_modules/@capacitor/cli/assets/capacitor-cordova-ios-plugins

SPEC CHECKSUMS:
  Capacitor: 1b684528b0dde60688b94440c7083da69f0d7b84
  CapacitorCordova: c824d7ecb15668e7331c8a2fc97f98eea37358c1
  CordovaPlugins: 4135f94fd65c96960ecd94aa872d65cce8ac65a5
  CordovaPluginsResources: 83a99c2e0c802a4d8f9c424879e6692629089500
  GCDWebServer: 8d67ee9f634b4bb91eb4b8aee440318a5fc6debd

PODFILE CHECKSUM: 172a78117eb5c69347afc82e2e45e61ddaad952c

COCOAPODS: 1.4.0
